// !$*UTF8*$!
{
	archiveVersion = 1;
	classes = {
	};
	objectVersion = 46;
	objects = {

/* Begin PBXBuildFile section */
		08BA04211C82DABF00650A44 /* main.m in Sources */ = {isa = PBXBuildFile; fileRef = 08BA04201C82DABF00650A44 /* main.m */; };
		08BA04241C82DABF00650A44 /* AppDelegate.m in Sources */ = {isa = PBXBuildFile; fileRef = 08BA04231C82DABF00650A44 /* AppDelegate.m */; };
		08BA04271C82DABF00650A44 /* ViewController.m in Sources */ = {isa = PBXBuildFile; fileRef = 08BA04261C82DABF00650A44 /* ViewController.m */; };
		08BA042A1C82DABF00650A44 /* Main.storyboard in Resources */ = {isa = PBXBuildFile; fileRef = 08BA04281C82DABF00650A44 /* Main.storyboard */; };
		08BA042C1C82DABF00650A44 /* Images.xcassets in Resources */ = {isa = PBXBuildFile; fileRef = 08BA042B1C82DABF00650A44 /* Images.xcassets */; };
		08BA042F1C82DABF00650A44 /* LaunchScreen.xib in Resources */ = {isa = PBXBuildFile; fileRef = 08BA042D1C82DABF00650A44 /* LaunchScreen.xib */; };
		08E5BEB91C82DC4F00578C50 /* libIKit.a in Frameworks */ = {isa = PBXBuildFile; fileRef = 08E5BEB71C82DC4F00578C50 /* libIKit.a */; };
		08E5BEBA1C82DC4F00578C50 /* libIObj.a in Frameworks */ = {isa = PBXBuildFile; fileRef = 08E5BEB81C82DC4F00578C50 /* libIObj.a */; };
		08E5BEBC1C82DC5D00578C50 /* libxml2.dylib in Frameworks */ = {isa = PBXBuildFile; fileRef = 08E5BEBB1C82DC5D00578C50 /* libxml2.dylib */; };
		08E5BEBF1C82DE4100578C50 /* LiveClipWriter.m in Sources */ = {isa = PBXBuildFile; fileRef = 08E5BEBE1C82DE4100578C50 /* LiveClipWriter.m */; };
		08E5BEC21C82DEA200578C50 /* LiveRecorder.m in Sources */ = {isa = PBXBuildFile; fileRef = 08E5BEC11C82DEA200578C50 /* LiveRecorder.m */; };
		3192077F1C844A850017C818 /* main.xml in Resources */ = {isa = PBXBuildFile; fileRef = 3192077E1C844A850017C818 /* main.xml */; };
/* End PBXBuildFile section */

/* Begin PBXFileReference section */
		08BA041B1C82DABF00650A44 /* recorder.app */ = {isa = PBXFileReference; explicitFileType = wrapper.application; includeInIndex = 0; path = recorder.app; sourceTree = BUILT_PRODUCTS_DIR; };
		08BA041F1C82DABF00650A44 /* Info.plist */ = {isa = PBXFileReference; lastKnownFileType = text.plist.xml; path = Info.plist; sourceTree = "<group>"; };
		08BA04201C82DABF00650A44 /* main.m */ = {isa = PBXFileReference; lastKnownFileType = sourcecode.c.objc; path = main.m; sourceTree = "<group>"; };
		08BA04221C82DABF00650A44 /* AppDelegate.h */ = {isa = PBXFileReference; lastKnownFileType = sourcecode.c.h; path = AppDelegate.h; sourceTree = "<group>"; };
		08BA04231C82DABF00650A44 /* AppDelegate.m */ = {isa = PBXFileReference; lastKnownFileType = sourcecode.c.objc; path = AppDelegate.m; sourceTree = "<group>"; };
		08BA04251C82DABF00650A44 /* ViewController.h */ = {isa = PBXFileReference; lastKnownFileType = sourcecode.c.h; path = ViewController.h; sourceTree = "<group>"; };
		08BA04261C82DABF00650A44 /* ViewController.m */ = {isa = PBXFileReference; lastKnownFileType = sourcecode.c.objc; path = ViewController.m; sourceTree = "<group>"; };
		08BA04291C82DABF00650A44 /* Base */ = {isa = PBXFileReference; lastKnownFileType = file.storyboard; name = Base; path = Base.lproj/Main.storyboard; sourceTree = "<group>"; };
		08BA042B1C82DABF00650A44 /* Images.xcassets */ = {isa = PBXFileReference; lastKnownFileType = folder.assetcatalog; path = Images.xcassets; sourceTree = "<group>"; };
		08BA042E1C82DABF00650A44 /* Base */ = {isa = PBXFileReference; lastKnownFileType = file.xib; name = Base; path = Base.lproj/LaunchScreen.xib; sourceTree = "<group>"; };
		08E5BEB71C82DC4F00578C50 /* libIKit.a */ = {isa = PBXFileReference; lastKnownFileType = archive.ar; name = libIKit.a; path = ../deps/libIKit.a; sourceTree = "<group>"; };
		08E5BEB81C82DC4F00578C50 /* libIObj.a */ = {isa = PBXFileReference; lastKnownFileType = archive.ar; name = libIObj.a; path = ../deps/libIObj.a; sourceTree = "<group>"; };
		08E5BEBB1C82DC5D00578C50 /* libxml2.dylib */ = {isa = PBXFileReference; lastKnownFileType = "compiled.mach-o.dylib"; name = libxml2.dylib; path = usr/lib/libxml2.dylib; sourceTree = SDKROOT; };
		08E5BEBD1C82DE4100578C50 /* LiveClipWriter.h */ = {isa = PBXFileReference; fileEncoding = 4; lastKnownFileType = sourcecode.c.h; path = LiveClipWriter.h; sourceTree = "<group>"; };
		08E5BEBE1C82DE4100578C50 /* LiveClipWriter.m */ = {isa = PBXFileReference; fileEncoding = 4; lastKnownFileType = sourcecode.c.objc; path = LiveClipWriter.m; sourceTree = "<group>"; };
		08E5BEC01C82DEA200578C50 /* LiveRecorder.h */ = {isa = PBXFileReference; fileEncoding = 4; lastKnownFileType = sourcecode.c.h; path = LiveRecorder.h; sourceTree = "<group>"; };
		08E5BEC11C82DEA200578C50 /* LiveRecorder.m */ = {isa = PBXFileReference; fileEncoding = 4; lastKnownFileType = sourcecode.c.objc; path = LiveRecorder.m; sourceTree = "<group>"; };
		3192077E1C844A850017C818 /* main.xml */ = {isa = PBXFileReference; fileEncoding = 4; lastKnownFileType = text.xml; path = main.xml; sourceTree = "<group>"; };
/* End PBXFileReference section */

/* Begin PBXFrameworksBuildPhase section */
		08BA04181C82DABF00650A44 /* Frameworks */ = {
			isa = PBXFrameworksBuildPhase;
			buildActionMask = 2147483647;
			files = (
				08E5BEBC1C82DC5D00578C50 /* libxml2.dylib in Frameworks */,
				08E5BEB91C82DC4F00578C50 /* libIKit.a in Frameworks */,
				08E5BEBA1C82DC4F00578C50 /* libIObj.a in Frameworks */,
			);
			runOnlyForDeploymentPostprocessing = 0;
		};
/* End PBXFrameworksBuildPhase section */

/* Begin PBXGroup section */
		08BA04121C82DABF00650A44 = {
			isa = PBXGroup;
			children = (
				08BA041D1C82DABF00650A44 /* recorder */,
				08BA041C1C82DABF00650A44 /* Products */,
			);
			sourceTree = "<group>";
		};
		08BA041C1C82DABF00650A44 /* Products */ = {
			isa = PBXGroup;
			children = (
				08BA041B1C82DABF00650A44 /* recorder.app */,
			);
			name = Products;
			sourceTree = "<group>";
		};
		08BA041D1C82DABF00650A44 /* recorder */ = {
			isa = PBXGroup;
			children = (
				08BA04221C82DABF00650A44 /* AppDelegate.h */,
				08BA04231C82DABF00650A44 /* AppDelegate.m */,
				08BA04251C82DABF00650A44 /* ViewController.h */,
				08BA04261C82DABF00650A44 /* ViewController.m */,
				3192077E1C844A850017C818 /* main.xml */,
				08E5BEBD1C82DE4100578C50 /* LiveClipWriter.h */,
				08E5BEBE1C82DE4100578C50 /* LiveClipWriter.m */,
				08E5BEC01C82DEA200578C50 /* LiveRecorder.h */,
				08E5BEC11C82DEA200578C50 /* LiveRecorder.m */,
				08BA041E1C82DABF00650A44 /* Supporting Files */,
			);
			path = recorder;
			sourceTree = "<group>";
		};
		08BA041E1C82DABF00650A44 /* Supporting Files */ = {
			isa = PBXGroup;
			children = (
				08E5BEB71C82DC4F00578C50 /* libIKit.a */,
				08E5BEB81C82DC4F00578C50 /* libIObj.a */,
				08E5BEBB1C82DC5D00578C50 /* libxml2.dylib */,
				08BA04281C82DABF00650A44 /* Main.storyboard */,
				08BA042D1C82DABF00650A44 /* LaunchScreen.xib */,
				08BA042B1C82DABF00650A44 /* Images.xcassets */,
				08BA041F1C82DABF00650A44 /* Info.plist */,
				08BA04201C82DABF00650A44 /* main.m */,
			);
			name = "Supporting Files";
			sourceTree = "<group>";
		};
/* End PBXGroup section */

/* Begin PBXNativeTarget section */
		08BA041A1C82DABF00650A44 /* recorder */ = {
			isa = PBXNativeTarget;
			buildConfigurationList = 08BA043E1C82DABF00650A44 /* Build configuration list for PBXNativeTarget "recorder" */;
			buildPhases = (
				08BA04171C82DABF00650A44 /* Sources */,
				08BA04181C82DABF00650A44 /* Frameworks */,
				08BA04191C82DABF00650A44 /* Resources */,
			);
			buildRules = (
			);
			dependencies = (
			);
			name = recorder;
			productName = recorder;
			productReference = 08BA041B1C82DABF00650A44 /* recorder.app */;
			productType = "com.apple.product-type.application";
		};
/* End PBXNativeTarget section */

/* Begin PBXProject section */
		08BA04131C82DABF00650A44 /* Project object */ = {
			isa = PBXProject;
			attributes = {
				LastUpgradeCheck = 0720;
				ORGANIZATIONNAME = ideawu;
				TargetAttributes = {
					08BA041A1C82DABF00650A44 = {
						CreatedOnToolsVersion = 6.1.1;
						DevelopmentTeam = 984G66F55J;
					};
				};
			};
			buildConfigurationList = 08BA04161C82DABF00650A44 /* Build configuration list for PBXProject "recorder" */;
			compatibilityVersion = "Xcode 3.2";
			developmentRegion = English;
			hasScannedForEncodings = 0;
			knownRegions = (
				en,
				Base,
			);
			mainGroup = 08BA04121C82DABF00650A44;
			productRefGroup = 08BA041C1C82DABF00650A44 /* Products */;
			projectDirPath = "";
			projectRoot = "";
			targets = (
				08BA041A1C82DABF00650A44 /* recorder */,
			);
		};
/* End PBXProject section */

/* Begin PBXResourcesBuildPhase section */
		08BA04191C82DABF00650A44 /* Resources */ = {
			isa = PBXResourcesBuildPhase;
			buildActionMask = 2147483647;
			files = (
				3192077F1C844A850017C818 /* main.xml in Resources */,
				08BA042A1C82DABF00650A44 /* Main.storyboard in Resources */,
				08BA042F1C82DABF00650A44 /* LaunchScreen.xib in Resources */,
				08BA042C1C82DABF00650A44 /* Images.xcassets in Resources */,
			);
			runOnlyForDeploymentPostprocessing = 0;
		};
/* End PBXResourcesBuildPhase section */

/* Begin PBXSourcesBuildPhase section */
		08BA04171C82DABF00650A44 /* Sources */ = {
			isa = PBXSourcesBuildPhase;
			buildActionMask = 2147483647;
			files = (
				08E5BEC21C82DEA200578C50 /* LiveRecorder.m in Sources */,
				08E5BEBF1C82DE4100578C50 /* LiveClipWriter.m in Sources */,
				08BA04271C82DABF00650A44 /* ViewController.m in Sources */,
				08BA04241C82DABF00650A44 /* AppDelegate.m in Sources */,
				08BA04211C82DABF00650A44 /* main.m in Sources */,
			);
			runOnlyForDeploymentPostprocessing = 0;
		};
/* End PBXSourcesBuildPhase section */

/* Begin PBXVariantGroup section */
		08BA04281C82DABF00650A44 /* Main.storyboard */ = {
			isa = PBXVariantGroup;
			children = (
				08BA04291C82DABF00650A44 /* Base */,
			);
			name = Main.storyboard;
			sourceTree = "<group>";
		};
		08BA042D1C82DABF00650A44 /* LaunchScreen.xib */ = {
			isa = PBXVariantGroup;
			children = (
				08BA042E1C82DABF00650A44 /* Base */,
			);
			name = LaunchScreen.xib;
			sourceTree = "<group>";
		};
/* End PBXVariantGroup section */

/* Begin XCBuildConfiguration section */
		08BA043C1C82DABF00650A44 /* Debug */ = {
			isa = XCBuildConfiguration;
			buildSettings = {
				ALWAYS_SEARCH_USER_PATHS = NO;
				CLANG_CXX_LANGUAGE_STANDARD = "gnu++0x";
				CLANG_CXX_LIBRARY = "libc++";
				CLANG_ENABLE_MODULES = YES;
				CLANG_ENABLE_OBJC_ARC = YES;
				CLANG_WARN_BOOL_CONVERSION = YES;
				CLANG_WARN_CONSTANT_CONVERSION = YES;
				CLANG_WARN_DIRECT_OBJC_ISA_USAGE = YES_ERROR;
				CLANG_WARN_EMPTY_BODY = YES;
				CLANG_WARN_ENUM_CONVERSION = YES;
				CLANG_WARN_INT_CONVERSION = YES;
				CLANG_WARN_OBJC_ROOT_CLASS = YES_ERROR;
				CLANG_WARN_UNREACHABLE_CODE = YES;
				CLANG_WARN__DUPLICATE_METHOD_MATCH = YES;
				"CODE_SIGN_IDENTITY[sdk=iphoneos*]" = "iPhone Developer";
				COPY_PHASE_STRIP = NO;
				ENABLE_STRICT_OBJC_MSGSEND = YES;
				ENABLE_TESTABILITY = YES;
				GCC_C_LANGUAGE_STANDARD = gnu99;
				GCC_DYNAMIC_NO_PIC = NO;
				GCC_OPTIMIZATION_LEVEL = 0;
				GCC_PREPROCESSOR_DEFINITIONS = (
					"DEBUG=1",
					"$(inherited)",
				);
				GCC_SYMBOLS_PRIVATE_EXTERN = NO;
				GCC_WARN_64_TO_32_BIT_CONVERSION = YES;
				GCC_WARN_ABOUT_RETURN_TYPE = YES_ERROR;
				GCC_WARN_UNDECLARED_SELECTOR = YES;
				GCC_WARN_UNINITIALIZED_AUTOS = YES_AGGRESSIVE;
				GCC_WARN_UNUSED_FUNCTION = YES;
				GCC_WARN_UNUSED_VARIABLE = YES;
				IPHONEOS_DEPLOYMENT_TARGET = 7.0;
				MTL_ENABLE_DEBUG_INFO = YES;
				ONLY_ACTIVE_ARCH = YES;
				SDKROOT = iphoneos;
				TARGETED_DEVICE_FAMILY = "1,2";
			};
			name = Debug;
		};
		08BA043D1C82DABF00650A44 /* Release */ = {
			isa = XCBuildConfiguration;
			buildSettings = {
				ALWAYS_SEARCH_USER_PATHS = NO;
				CLANG_CXX_LANGUAGE_STANDARD = "gnu++0x";
				CLANG_CXX_LIBRARY = "libc++";
				CLANG_ENABLE_MODULES = YES;
				CLANG_ENABLE_OBJC_ARC = YES;
				CLANG_WARN_BOOL_CONVERSION = YES;
				CLANG_WARN_CONSTANT_CONVERSION = YES;
				CLANG_WARN_DIRECT_OBJC_ISA_USAGE = YES_ERROR;
				CLANG_WARN_EMPTY_BODY = YES;
				CLANG_WARN_ENUM_CONVERSION = YES;
				CLANG_WARN_INT_CONVERSION = YES;
				CLANG_WARN_OBJC_ROOT_CLASS = YES_ERROR;
				CLANG_WARN_UNREACHABLE_CODE = YES;
				CLANG_WARN__DUPLICATE_METHOD_MATCH = YES;
				"CODE_SIGN_IDENTITY[sdk=iphoneos*]" = "iPhone Developer";
				COPY_PHASE_STRIP = YES;
				ENABLE_NS_ASSERTIONS = NO;
				ENABLE_STRICT_OBJC_MSGSEND = YES;
				GCC_C_LANGUAGE_STANDARD = gnu99;
				GCC_WARN_64_TO_32_BIT_CONVERSION = YES;
				GCC_WARN_ABOUT_RETURN_TYPE = YES_ERROR;
				GCC_WARN_UNDECLARED_SELECTOR = YES;
				GCC_WARN_UNINITIALIZED_AUTOS = YES_AGGRESSIVE;
				GCC_WARN_UNUSED_FUNCTION = YES;
				GCC_WARN_UNUSED_VARIABLE = YES;
				IPHONEOS_DEPLOYMENT_TARGET = 7.0;
				MTL_ENABLE_DEBUG_INFO = NO;
				SDKROOT = iphoneos;
				TARGETED_DEVICE_FAMILY = "1,2";
				VALIDATE_PRODUCT = YES;
			};
			name = Release;
		};
		08BA043F1C82DABF00650A44 /* Debug */ = {
			isa = XCBuildConfiguration;
			buildSettings = {
				ASSETCATALOG_COMPILER_APPICON_NAME = AppIcon;
				ASSETCATALOG_COMPILER_LAUNCHIMAGE_NAME = LaunchImage;
				CODE_SIGN_IDENTITY = "iPhone Developer";
				HEADER_SEARCH_PATHS = (
					"$(inherited)",
					/Applications/Xcode.app/Contents/Developer/Toolchains/XcodeDefault.xctoolchain/usr/include,
					./deps/include,
				);
				INFOPLIST_FILE = recorder/Info.plist;
				IPHONEOS_DEPLOYMENT_TARGET = 7.0;
				LD_RUNPATH_SEARCH_PATHS = "$(inherited) @executable_path/Frameworks";
				LIBRARY_SEARCH_PATHS = (
					"$(inherited)",
					"$(PROJECT_DIR)/deps",
				);
				PRODUCT_BUNDLE_IDENTIFIER = "com.cocoaui.demo.$(PRODUCT_NAME:rfc1034identifier)";
				PRODUCT_NAME = "$(TARGET_NAME)";
			};
			name = Debug;
		};
		08BA04401C82DABF00650A44 /* Release */ = {
			isa = XCBuildConfiguration;
			buildSettings = {
				ASSETCATALOG_COMPILER_APPICON_NAME = AppIcon;
				ASSETCATALOG_COMPILER_LAUNCHIMAGE_NAME = LaunchImage;
				CODE_SIGN_IDENTITY = "iPhone Developer";
				HEADER_SEARCH_PATHS = (
					"$(inherited)",
					/Applications/Xcode.app/Contents/Developer/Toolchains/XcodeDefault.xctoolchain/usr/include,
					./deps/include,
				);
				INFOPLIST_FILE = recorder/Info.plist;
				IPHONEOS_DEPLOYMENT_TARGET = 7.0;
				LD_RUNPATH_SEARCH_PATHS = "$(inherited) @executable_path/Frameworks";
				LIBRARY_SEARCH_PATHS = (
					"$(inherited)",
					"$(PROJECT_DIR)/deps",
				);
				PRODUCT_BUNDLE_IDENTIFIER = "com.cocoaui.demo.$(PRODUCT_NAME:rfc1034identifier)";
				PRODUCT_NAME = "$(TARGET_NAME)";
			};
			name = Release;
		};
/* End XCBuildConfiguration section */

/* Begin XCConfigurationList section */
		08BA04161C82DABF00650A44 /* Build configuration list for PBXProject "recorder" */ = {
			isa = XCConfigurationList;
			buildConfigurations = (
				08BA043C1C82DABF00650A44 /* Debug */,
				08BA043D1C82DABF00650A44 /* Release */,
			);
			defaultConfigurationIsVisible = 0;
			defaultConfigurationName = Release;
		};
		08BA043E1C82DABF00650A44 /* Build configuration list for PBXNativeTarget "recorder" */ = {
			isa = XCConfigurationList;
			buildConfigurations = (
				08BA043F1C82DABF00650A44 /* Debug */,
				08BA04401C82DABF00650A44 /* Release */,
			);
			defaultConfigurationIsVisible = 0;
			defaultConfigurationName = Release;
		};
/* End XCConfigurationList section */
	};
	rootObject = 08BA04131C82DABF00650A44 /* Project object */;
}
