// !$*UTF8*$!
{
	archiveVersion = 1;
	classes = {
	};
	objectVersion = 46;
	objects = {

/* Begin PBXBuildFile section */
		081420581C8B1F0400A2B03E /* VideoToolbox.framework in Frameworks */ = {isa = PBXBuildFile; fileRef = 081420571C8B1F0400A2B03E /* VideoToolbox.framework */; };
		0814205E1C8B2F9500A2B03E /* TestController.m in Sources */ = {isa = PBXBuildFile; fileRef = 0814205C1C8B2F9500A2B03E /* TestController.m */; };
		0814205F1C8B2F9500A2B03E /* TestController.xib in Resources */ = {isa = PBXBuildFile; fileRef = 0814205D1C8B2F9500A2B03E /* TestController.xib */; };
		081420621C8C37CF00A2B03E /* VideoPlayer.m in Sources */ = {isa = PBXBuildFile; fileRef = 081420611C8C37CF00A2B03E /* VideoPlayer.m */; };
		081420631C8C652600A2B03E /* VideoPlayer.m in Sources */ = {isa = PBXBuildFile; fileRef = 081420611C8C37CF00A2B03E /* VideoPlayer.m */; };
		081420641C8DCE9700A2B03E /* PlayerController.m in Sources */ = {isa = PBXBuildFile; fileRef = 3187768E1C85AAF600FC417F /* PlayerController.m */; };
		081420671C8DD07A00A2B03E /* LiveStream.m in Sources */ = {isa = PBXBuildFile; fileRef = 081420661C8DD07A00A2B03E /* LiveStream.m */; };
		081420681C8DD1C700A2B03E /* LiveStream.m in Sources */ = {isa = PBXBuildFile; fileRef = 081420661C8DD07A00A2B03E /* LiveStream.m */; };
		081420691C8DD70700A2B03E /* libcurl.a in Frameworks */ = {isa = PBXBuildFile; fileRef = 318BA5551C8554B3000CED2B /* libcurl.a */; };
		081420731C8DD9AF00A2B03E /* LaunchScreen.xib in Resources */ = {isa = PBXBuildFile; fileRef = 081420711C8DD9AF00A2B03E /* LaunchScreen.xib */; };
		081420741C8DDA5E00A2B03E /* CoreVideo.framework in Frameworks */ = {isa = PBXBuildFile; fileRef = 318776A01C86B87F00FC417F /* CoreVideo.framework */; };
		081420751C8DDA6500A2B03E /* CoreAudio.framework in Frameworks */ = {isa = PBXBuildFile; fileRef = 3187769F1C86B87F00FC417F /* CoreAudio.framework */; };
		081420771C8DDA7000A2B03E /* VideoToolbox.framework in Frameworks */ = {isa = PBXBuildFile; fileRef = 081420761C8DDA7000A2B03E /* VideoToolbox.framework */; };
		081420791C8F3DDC00A2B03E /* libz.dylib in Frameworks */ = {isa = PBXBuildFile; fileRef = 081420781C8F3DDC00A2B03E /* libz.dylib */; };
		0814207C1C908D0C00A2B03E /* AudioFile.m in Sources */ = {isa = PBXBuildFile; fileRef = 0814207B1C908D0C00A2B03E /* AudioFile.m */; };
		0814207F1C908FAA00A2B03E /* UseAC-AF.cpp in Sources */ = {isa = PBXBuildFile; fileRef = 0814207D1C908FAA00A2B03E /* UseAC-AF.cpp */; };
		081420801C908FAA00A2B03E /* UseExtAF.cpp in Sources */ = {isa = PBXBuildFile; fileRef = 0814207E1C908FAA00A2B03E /* UseExtAF.cpp */; };
		3187764E1C855ED700FC417F /* libirtc.a in Frameworks */ = {isa = PBXBuildFile; fileRef = 319207A21C854AA60017C818 /* libirtc.a */; };
		3187767E1C85AABF00FC417F /* AppDelegate.m in Sources */ = {isa = PBXBuildFile; fileRef = 3187767D1C85AABF00FC417F /* AppDelegate.m */; };
		318776811C85AABF00FC417F /* main.m in Sources */ = {isa = PBXBuildFile; fileRef = 318776801C85AABF00FC417F /* main.m */; };
		318776831C85AABF00FC417F /* Assets.xcassets in Resources */ = {isa = PBXBuildFile; fileRef = 318776821C85AABF00FC417F /* Assets.xcassets */; };
		318776861C85AABF00FC417F /* MainMenu.xib in Resources */ = {isa = PBXBuildFile; fileRef = 318776841C85AABF00FC417F /* MainMenu.xib */; };
		318776931C85AAF600FC417F /* Http.m in Sources */ = {isa = PBXBuildFile; fileRef = 3187768C1C85AAF600FC417F /* Http.m */; };
		318776951C85AAF600FC417F /* PlayerController.xib in Resources */ = {isa = PBXBuildFile; fileRef = 3187768F1C85AAF600FC417F /* PlayerController.xib */; };
		318776961C85AAF600FC417F /* RecorderController.m in Sources */ = {isa = PBXBuildFile; fileRef = 318776911C85AAF600FC417F /* RecorderController.m */; };
		318776971C85AAF600FC417F /* RecorderController.xib in Resources */ = {isa = PBXBuildFile; fileRef = 318776921C85AAF600FC417F /* RecorderController.xib */; };
		318776A11C86B87F00FC417F /* CoreAudio.framework in Frameworks */ = {isa = PBXBuildFile; fileRef = 3187769F1C86B87F00FC417F /* CoreAudio.framework */; };
		318776A21C86B87F00FC417F /* CoreVideo.framework in Frameworks */ = {isa = PBXBuildFile; fileRef = 318776A01C86B87F00FC417F /* CoreVideo.framework */; };
		318777181C89B21700FC417F /* VideoEncoder.mm in Sources */ = {isa = PBXBuildFile; fileRef = 318777111C89B21700FC417F /* VideoEncoder.mm */; };
		318777191C89B21700FC417F /* MP4Atom.m in Sources */ = {isa = PBXBuildFile; fileRef = 318777131C89B21700FC417F /* MP4Atom.m */; };
		3187771B1C89B21700FC417F /* VideoFile.m in Sources */ = {isa = PBXBuildFile; fileRef = 318777171C89B21700FC417F /* VideoFile.m */; };
		3187771E1C89B2BB00FC417F /* VideoRecorder.m in Sources */ = {isa = PBXBuildFile; fileRef = 3187771D1C89B2BB00FC417F /* VideoRecorder.m */; };
		318777201C89B90000FC417F /* VideoRecorder.m in Sources */ = {isa = PBXBuildFile; fileRef = 3187771D1C89B2BB00FC417F /* VideoRecorder.m */; };
		318777211C89BA9900FC417F /* VideoEncoder.mm in Sources */ = {isa = PBXBuildFile; fileRef = 318777111C89B21700FC417F /* VideoEncoder.mm */; };
		318777221C89BA9900FC417F /* MP4Atom.m in Sources */ = {isa = PBXBuildFile; fileRef = 318777131C89B21700FC417F /* MP4Atom.m */; };
		318777231C89BA9900FC417F /* NALUnit.cpp in Sources */ = {isa = PBXBuildFile; fileRef = 318777141C89B21700FC417F /* NALUnit.cpp */; };
		318777241C89BA9900FC417F /* VideoFile.m in Sources */ = {isa = PBXBuildFile; fileRef = 318777171C89B21700FC417F /* VideoFile.m */; };
		3187773D1C8D60B900FC417F /* PlayerState.m in Sources */ = {isa = PBXBuildFile; fileRef = 3187773C1C8D60B900FC417F /* PlayerState.m */; };
		3187773E1C8D60EB00FC417F /* PlayerState.m in Sources */ = {isa = PBXBuildFile; fileRef = 3187773C1C8D60B900FC417F /* PlayerState.m */; };
		318777441C8DA30800FC417F /* VideoToolbox.framework in Frameworks */ = {isa = PBXBuildFile; fileRef = 318777431C8DA30800FC417F /* VideoToolbox.framework */; };
		3187774A1C8DA78800FC417F /* VideoDecoder.m in Sources */ = {isa = PBXBuildFile; fileRef = 318777481C8DA78800FC417F /* VideoDecoder.m */; };
		3187774C1C8DA8EC00FC417F /* VideoDecoder.m in Sources */ = {isa = PBXBuildFile; fileRef = 318777481C8DA78800FC417F /* VideoDecoder.m */; };
		3187774D1C8ED3B100FC417F /* VideoToolbox.framework in Frameworks */ = {isa = PBXBuildFile; fileRef = 081420761C8DDA7000A2B03E /* VideoToolbox.framework */; };
		318777511C8ED95000FC417F /* libz.tbd in Frameworks */ = {isa = PBXBuildFile; fileRef = 318777501C8ED95000FC417F /* libz.tbd */; };
		318777531C8ED95600FC417F /* libxml2.tbd in Frameworks */ = {isa = PBXBuildFile; fileRef = 318777521C8ED95600FC417F /* libxml2.tbd */; };
		318777561C8EDBA400FC417F /* libirtc.a in Frameworks */ = {isa = PBXBuildFile; fileRef = 319207A21C854AA60017C818 /* libirtc.a */; };
		318BA4FD1C85504B000CED2B /* main.m in Sources */ = {isa = PBXBuildFile; fileRef = 318BA4FC1C85504B000CED2B /* main.m */; };
		318BA5001C85504B000CED2B /* AppDelegate.m in Sources */ = {isa = PBXBuildFile; fileRef = 318BA4FF1C85504B000CED2B /* AppDelegate.m */; };
		318BA5031C85504B000CED2B /* ViewController.m in Sources */ = {isa = PBXBuildFile; fileRef = 318BA5021C85504B000CED2B /* ViewController.m */; };
		318BA5061C85504B000CED2B /* Main.storyboard in Resources */ = {isa = PBXBuildFile; fileRef = 318BA5041C85504B000CED2B /* Main.storyboard */; };
		318BA5081C85504B000CED2B /* Player-Assets.xcassets in Resources */ = {isa = PBXBuildFile; fileRef = 318BA5071C85504B000CED2B /* Player-Assets.xcassets */; };
		318BA5181C85507E000CED2B /* main.mm in Sources */ = {isa = PBXBuildFile; fileRef = 318BA5171C85507E000CED2B /* main.mm */; };
		318BA51B1C85507E000CED2B /* AppDelegate.m in Sources */ = {isa = PBXBuildFile; fileRef = 318BA51A1C85507E000CED2B /* AppDelegate.m */; };
		318BA51E1C85507E000CED2B /* ViewController.m in Sources */ = {isa = PBXBuildFile; fileRef = 318BA51D1C85507E000CED2B /* ViewController.m */; };
		318BA5211C85507E000CED2B /* Main.storyboard in Resources */ = {isa = PBXBuildFile; fileRef = 318BA51F1C85507E000CED2B /* Main.storyboard */; };
		318BA5231C85507E000CED2B /* Recorder-Assets.xcassets in Resources */ = {isa = PBXBuildFile; fileRef = 318BA5221C85507E000CED2B /* Recorder-Assets.xcassets */; };
		318BA5581C8554B3000CED2B /* libcurl.a in Frameworks */ = {isa = PBXBuildFile; fileRef = 318BA5551C8554B3000CED2B /* libcurl.a */; };
		318BA5591C8554B3000CED2B /* libIKit.a in Frameworks */ = {isa = PBXBuildFile; fileRef = 318BA5561C8554B3000CED2B /* libIKit.a */; };
		318BA55A1C8554B3000CED2B /* libIObj.a in Frameworks */ = {isa = PBXBuildFile; fileRef = 318BA5571C8554B3000CED2B /* libIObj.a */; };
		318BA5661C8554F6000CED2B /* main.xml in Resources */ = {isa = PBXBuildFile; fileRef = 318BA5631C8554F6000CED2B /* main.xml */; };
		318BA56E1C8555B3000CED2B /* main.xml in Resources */ = {isa = PBXBuildFile; fileRef = 318BA56B1C8555B3000CED2B /* main.xml */; };
		318BA56F1C85564B000CED2B /* libcurl.a in Frameworks */ = {isa = PBXBuildFile; fileRef = 318BA5551C8554B3000CED2B /* libcurl.a */; };
		318BA5701C85564B000CED2B /* libIKit.a in Frameworks */ = {isa = PBXBuildFile; fileRef = 318BA5561C8554B3000CED2B /* libIKit.a */; };
		318BA5711C85564B000CED2B /* libIObj.a in Frameworks */ = {isa = PBXBuildFile; fileRef = 318BA5571C8554B3000CED2B /* libIObj.a */; };
		319207A61C854AA60017C818 /* irtc.h in CopyFiles */ = {isa = PBXBuildFile; fileRef = 319207A51C854AA60017C818 /* irtc.h */; };
		319207A81C854AA60017C818 /* irtc.m in Sources */ = {isa = PBXBuildFile; fileRef = 319207A71C854AA60017C818 /* irtc.m */; };
		31E5BDDB1C8EDF36007E0503 /* libxml2.tbd in Frameworks */ = {isa = PBXBuildFile; fileRef = 318777521C8ED95600FC417F /* libxml2.tbd */; };
		31E5BDDC1C8EDF3F007E0503 /* libz.tbd in Frameworks */ = {isa = PBXBuildFile; fileRef = 318777501C8ED95000FC417F /* libz.tbd */; };
		31E5BDDF1C8EE328007E0503 /* NALUnit.cpp in Sources */ = {isa = PBXBuildFile; fileRef = 318777141C89B21700FC417F /* NALUnit.cpp */; };
		31E5BDE31C8EE6F5007E0503 /* AAPLEAGLLayer.m in Sources */ = {isa = PBXBuildFile; fileRef = 31E5BDE21C8EE6F5007E0503 /* AAPLEAGLLayer.m */; };
		31E5BDE51C8EF884007E0503 /* libz.tbd in Frameworks */ = {isa = PBXBuildFile; fileRef = 31E5BDE41C8EF884007E0503 /* libz.tbd */; };
		31E5BDE81C8FC6DE007E0503 /* VideoClip.m in Sources */ = {isa = PBXBuildFile; fileRef = 31E5BDE71C8FC6DE007E0503 /* VideoClip.m */; };
		31E5BDE91C8FC6F7007E0503 /* VideoClip.m in Sources */ = {isa = PBXBuildFile; fileRef = 31E5BDE71C8FC6DE007E0503 /* VideoClip.m */; };
		31E5BDED1C8FD184007E0503 /* AudioEncoder.m in Sources */ = {isa = PBXBuildFile; fileRef = 31E5BDEC1C8FD184007E0503 /* AudioEncoder.m */; };
		31E5BDEE1C8FD1E1007E0503 /* AudioEncoder.m in Sources */ = {isa = PBXBuildFile; fileRef = 31E5BDEC1C8FD184007E0503 /* AudioEncoder.m */; };
		31E5BDF11C8FDD03007E0503 /* LiveRecorder.m in Sources */ = {isa = PBXBuildFile; fileRef = 31E5BDF01C8FDD03007E0503 /* LiveRecorder.m */; };
		31E5BDF21C8FDF32007E0503 /* LiveRecorder.m in Sources */ = {isa = PBXBuildFile; fileRef = 31E5BDF01C8FDD03007E0503 /* LiveRecorder.m */; };
/* End PBXBuildFile section */

/* Begin PBXContainerItemProxy section */
		318776451C8559B700FC417F /* PBXContainerItemProxy */ = {
			isa = PBXContainerItemProxy;
			containerPortal = 3192079A1C854AA60017C818 /* Project object */;
			proxyType = 1;
			remoteGlobalIDString = 319207A11C854AA60017C818;
			remoteInfo = irtc;
		};
/* End PBXContainerItemProxy section */

/* Begin PBXCopyFilesBuildPhase section */
		319207A01C854AA60017C818 /* CopyFiles */ = {
			isa = PBXCopyFilesBuildPhase;
			buildActionMask = 2147483647;
			dstPath = "include/$(PRODUCT_NAME)";
			dstSubfolderSpec = 16;
			files = (
				319207A61C854AA60017C818 /* irtc.h in CopyFiles */,
			);
			runOnlyForDeploymentPostprocessing = 0;
		};
/* End PBXCopyFilesBuildPhase section */

/* Begin PBXFileReference section */
		081420571C8B1F0400A2B03E /* VideoToolbox.framework */ = {isa = PBXFileReference; lastKnownFileType = wrapper.framework; name = VideoToolbox.framework; path = Platforms/MacOSX.platform/Developer/SDKs/MacOSX10.10.sdk/System/Library/Frameworks/VideoToolbox.framework; sourceTree = DEVELOPER_DIR; };
		0814205B1C8B2F9500A2B03E /* TestController.h */ = {isa = PBXFileReference; fileEncoding = 4; lastKnownFileType = sourcecode.c.h; path = TestController.h; sourceTree = "<group>"; };
		0814205C1C8B2F9500A2B03E /* TestController.m */ = {isa = PBXFileReference; fileEncoding = 4; lastKnownFileType = sourcecode.c.objc; path = TestController.m; sourceTree = "<group>"; };
		0814205D1C8B2F9500A2B03E /* TestController.xib */ = {isa = PBXFileReference; fileEncoding = 4; lastKnownFileType = file.xib; path = TestController.xib; sourceTree = "<group>"; };
		081420601C8C37CF00A2B03E /* VideoPlayer.h */ = {isa = PBXFileReference; fileEncoding = 4; lastKnownFileType = sourcecode.c.h; path = VideoPlayer.h; sourceTree = "<group>"; };
		081420611C8C37CF00A2B03E /* VideoPlayer.m */ = {isa = PBXFileReference; fileEncoding = 4; lastKnownFileType = sourcecode.c.objc; path = VideoPlayer.m; sourceTree = "<group>"; };
		081420651C8DD07A00A2B03E /* LiveStream.h */ = {isa = PBXFileReference; fileEncoding = 4; lastKnownFileType = sourcecode.c.h; path = LiveStream.h; sourceTree = "<group>"; };
		081420661C8DD07A00A2B03E /* LiveStream.m */ = {isa = PBXFileReference; fileEncoding = 4; lastKnownFileType = sourcecode.c.objc; path = LiveStream.m; sourceTree = "<group>"; };
		0814206D1C8DD8B100A2B03E /* Base */ = {isa = PBXFileReference; lastKnownFileType = file.xib; name = Base; path = Player/Base.lproj/LaunchScreen.xib; sourceTree = "<group>"; };
		081420721C8DD9AF00A2B03E /* Base */ = {isa = PBXFileReference; lastKnownFileType = file.xib; name = Base; path = Base.lproj/LaunchScreen.xib; sourceTree = "<group>"; };
		081420761C8DDA7000A2B03E /* VideoToolbox.framework */ = {isa = PBXFileReference; lastKnownFileType = wrapper.framework; name = VideoToolbox.framework; path = System/Library/Frameworks/VideoToolbox.framework; sourceTree = SDKROOT; };
		081420781C8F3DDC00A2B03E /* libz.dylib */ = {isa = PBXFileReference; lastKnownFileType = "compiled.mach-o.dylib"; name = libz.dylib; path = Platforms/MacOSX.platform/Developer/SDKs/MacOSX10.10.sdk/usr/lib/libz.dylib; sourceTree = DEVELOPER_DIR; };
		0814207A1C908D0C00A2B03E /* AudioFile.h */ = {isa = PBXFileReference; fileEncoding = 4; lastKnownFileType = sourcecode.c.h; path = AudioFile.h; sourceTree = "<group>"; };
		0814207B1C908D0C00A2B03E /* AudioFile.m */ = {isa = PBXFileReference; fileEncoding = 4; lastKnownFileType = sourcecode.c.objc; path = AudioFile.m; sourceTree = "<group>"; };
		0814207D1C908FAA00A2B03E /* UseAC-AF.cpp */ = {isa = PBXFileReference; fileEncoding = 4; lastKnownFileType = sourcecode.cpp.cpp; path = "UseAC-AF.cpp"; sourceTree = "<group>"; };
		0814207E1C908FAA00A2B03E /* UseExtAF.cpp */ = {isa = PBXFileReference; fileEncoding = 4; lastKnownFileType = sourcecode.cpp.cpp; path = UseExtAF.cpp; sourceTree = "<group>"; };
		3187767A1C85AABF00FC417F /* Test.app */ = {isa = PBXFileReference; explicitFileType = wrapper.application; includeInIndex = 0; path = Test.app; sourceTree = BUILT_PRODUCTS_DIR; };
		3187767C1C85AABF00FC417F /* AppDelegate.h */ = {isa = PBXFileReference; lastKnownFileType = sourcecode.c.h; path = AppDelegate.h; sourceTree = "<group>"; };
		3187767D1C85AABF00FC417F /* AppDelegate.m */ = {isa = PBXFileReference; lastKnownFileType = sourcecode.c.objc; path = AppDelegate.m; sourceTree = "<group>"; };
		318776801C85AABF00FC417F /* main.m */ = {isa = PBXFileReference; lastKnownFileType = sourcecode.c.objc; path = main.m; sourceTree = "<group>"; };
		318776821C85AABF00FC417F /* Assets.xcassets */ = {isa = PBXFileReference; lastKnownFileType = folder.assetcatalog; path = Assets.xcassets; sourceTree = "<group>"; };
		318776851C85AABF00FC417F /* Base */ = {isa = PBXFileReference; lastKnownFileType = file.xib; name = Base; path = Base.lproj/MainMenu.xib; sourceTree = "<group>"; };
		318776871C85AABF00FC417F /* Info.plist */ = {isa = PBXFileReference; lastKnownFileType = text.plist.xml; path = Info.plist; sourceTree = "<group>"; };
		3187768B1C85AAF600FC417F /* Http.h */ = {isa = PBXFileReference; fileEncoding = 4; lastKnownFileType = sourcecode.c.h; path = Http.h; sourceTree = "<group>"; };
		3187768C1C85AAF600FC417F /* Http.m */ = {isa = PBXFileReference; fileEncoding = 4; lastKnownFileType = sourcecode.c.objc; path = Http.m; sourceTree = "<group>"; };
		3187768D1C85AAF600FC417F /* PlayerController.h */ = {isa = PBXFileReference; fileEncoding = 4; lastKnownFileType = sourcecode.c.h; path = PlayerController.h; sourceTree = "<group>"; };
		3187768E1C85AAF600FC417F /* PlayerController.m */ = {isa = PBXFileReference; fileEncoding = 4; lastKnownFileType = sourcecode.c.objc; path = PlayerController.m; sourceTree = "<group>"; };
		3187768F1C85AAF600FC417F /* PlayerController.xib */ = {isa = PBXFileReference; fileEncoding = 4; lastKnownFileType = file.xib; path = PlayerController.xib; sourceTree = "<group>"; };
		318776901C85AAF600FC417F /* RecorderController.h */ = {isa = PBXFileReference; fileEncoding = 4; lastKnownFileType = sourcecode.c.h; path = RecorderController.h; sourceTree = "<group>"; };
		318776911C85AAF600FC417F /* RecorderController.m */ = {isa = PBXFileReference; fileEncoding = 4; lastKnownFileType = sourcecode.c.objc; path = RecorderController.m; sourceTree = "<group>"; };
		318776921C85AAF600FC417F /* RecorderController.xib */ = {isa = PBXFileReference; fileEncoding = 4; lastKnownFileType = file.xib; path = RecorderController.xib; sourceTree = "<group>"; };
		3187769F1C86B87F00FC417F /* CoreAudio.framework */ = {isa = PBXFileReference; lastKnownFileType = wrapper.framework; name = CoreAudio.framework; path = System/Library/Frameworks/CoreAudio.framework; sourceTree = SDKROOT; };
		318776A01C86B87F00FC417F /* CoreVideo.framework */ = {isa = PBXFileReference; lastKnownFileType = wrapper.framework; name = CoreVideo.framework; path = System/Library/Frameworks/CoreVideo.framework; sourceTree = SDKROOT; };
		318777101C89B21700FC417F /* VideoEncoder.h */ = {isa = PBXFileReference; fileEncoding = 4; lastKnownFileType = sourcecode.c.h; path = VideoEncoder.h; sourceTree = "<group>"; };
		318777111C89B21700FC417F /* VideoEncoder.mm */ = {isa = PBXFileReference; fileEncoding = 4; lastKnownFileType = sourcecode.cpp.objcpp; path = VideoEncoder.mm; sourceTree = "<group>"; };
		318777121C89B21700FC417F /* MP4Atom.h */ = {isa = PBXFileReference; fileEncoding = 4; lastKnownFileType = sourcecode.c.h; path = MP4Atom.h; sourceTree = "<group>"; };
		318777131C89B21700FC417F /* MP4Atom.m */ = {isa = PBXFileReference; fileEncoding = 4; lastKnownFileType = sourcecode.c.objc; path = MP4Atom.m; sourceTree = "<group>"; };
		318777141C89B21700FC417F /* NALUnit.cpp */ = {isa = PBXFileReference; fileEncoding = 4; lastKnownFileType = sourcecode.cpp.cpp; path = NALUnit.cpp; sourceTree = "<group>"; };
		318777151C89B21700FC417F /* NALUnit.h */ = {isa = PBXFileReference; fileEncoding = 4; lastKnownFileType = sourcecode.c.h; path = NALUnit.h; sourceTree = "<group>"; };
		318777161C89B21700FC417F /* VideoFile.h */ = {isa = PBXFileReference; fileEncoding = 4; lastKnownFileType = sourcecode.c.h; path = VideoFile.h; sourceTree = "<group>"; };
		318777171C89B21700FC417F /* VideoFile.m */ = {isa = PBXFileReference; fileEncoding = 4; lastKnownFileType = sourcecode.c.objc; path = VideoFile.m; sourceTree = "<group>"; };
		3187771C1C89B2BB00FC417F /* VideoRecorder.h */ = {isa = PBXFileReference; fileEncoding = 4; lastKnownFileType = sourcecode.c.h; path = VideoRecorder.h; sourceTree = "<group>"; };
		3187771D1C89B2BB00FC417F /* VideoRecorder.m */ = {isa = PBXFileReference; fileEncoding = 4; lastKnownFileType = sourcecode.c.objc; path = VideoRecorder.m; sourceTree = "<group>"; };
		3187773B1C8D60B900FC417F /* PlayerState.h */ = {isa = PBXFileReference; fileEncoding = 4; lastKnownFileType = sourcecode.c.h; path = PlayerState.h; sourceTree = "<group>"; };
		3187773C1C8D60B900FC417F /* PlayerState.m */ = {isa = PBXFileReference; fileEncoding = 4; lastKnownFileType = sourcecode.c.objc; path = PlayerState.m; sourceTree = "<group>"; };
		318777431C8DA30800FC417F /* VideoToolbox.framework */ = {isa = PBXFileReference; lastKnownFileType = wrapper.framework; name = VideoToolbox.framework; path = Platforms/MacOSX.platform/Developer/SDKs/MacOSX10.11.sdk/System/Library/Frameworks/VideoToolbox.framework; sourceTree = DEVELOPER_DIR; };
		318777471C8DA78800FC417F /* VideoDecoder.h */ = {isa = PBXFileReference; fileEncoding = 4; lastKnownFileType = sourcecode.c.h; path = VideoDecoder.h; sourceTree = "<group>"; };
		318777481C8DA78800FC417F /* VideoDecoder.m */ = {isa = PBXFileReference; fileEncoding = 4; lastKnownFileType = sourcecode.c.objc; path = VideoDecoder.m; sourceTree = "<group>"; };
		318777501C8ED95000FC417F /* libz.tbd */ = {isa = PBXFileReference; lastKnownFileType = "sourcecode.text-based-dylib-definition"; name = libz.tbd; path = usr/lib/libz.tbd; sourceTree = SDKROOT; };
		318777521C8ED95600FC417F /* libxml2.tbd */ = {isa = PBXFileReference; lastKnownFileType = "sourcecode.text-based-dylib-definition"; name = libxml2.tbd; path = usr/lib/libxml2.tbd; sourceTree = SDKROOT; };
		318BA4F91C85504B000CED2B /* Player.app */ = {isa = PBXFileReference; explicitFileType = wrapper.application; includeInIndex = 0; path = Player.app; sourceTree = BUILT_PRODUCTS_DIR; };
		318BA4FC1C85504B000CED2B /* main.m */ = {isa = PBXFileReference; lastKnownFileType = sourcecode.c.objc; path = main.m; sourceTree = "<group>"; };
		318BA4FE1C85504B000CED2B /* AppDelegate.h */ = {isa = PBXFileReference; lastKnownFileType = sourcecode.c.h; path = AppDelegate.h; sourceTree = "<group>"; };
		318BA4FF1C85504B000CED2B /* AppDelegate.m */ = {isa = PBXFileReference; lastKnownFileType = sourcecode.c.objc; path = AppDelegate.m; sourceTree = "<group>"; };
		318BA5011C85504B000CED2B /* ViewController.h */ = {isa = PBXFileReference; lastKnownFileType = sourcecode.c.h; path = ViewController.h; sourceTree = "<group>"; };
		318BA5021C85504B000CED2B /* ViewController.m */ = {isa = PBXFileReference; lastKnownFileType = sourcecode.c.objc; path = ViewController.m; sourceTree = "<group>"; };
		318BA5051C85504B000CED2B /* Base */ = {isa = PBXFileReference; lastKnownFileType = file.storyboard; name = Base; path = Base.lproj/Main.storyboard; sourceTree = "<group>"; };
		318BA5071C85504B000CED2B /* Player-Assets.xcassets */ = {isa = PBXFileReference; lastKnownFileType = folder.assetcatalog; path = "Player-Assets.xcassets"; sourceTree = "<group>"; };
		318BA50C1C85504B000CED2B /* Info.plist */ = {isa = PBXFileReference; lastKnownFileType = text.plist.xml; path = Info.plist; sourceTree = "<group>"; };
		318BA5141C85507E000CED2B /* Recorder.app */ = {isa = PBXFileReference; explicitFileType = wrapper.application; includeInIndex = 0; path = Recorder.app; sourceTree = BUILT_PRODUCTS_DIR; };
		318BA5171C85507E000CED2B /* main.mm */ = {isa = PBXFileReference; lastKnownFileType = sourcecode.cpp.objcpp; path = main.mm; sourceTree = "<group>"; };
		318BA5191C85507E000CED2B /* AppDelegate.h */ = {isa = PBXFileReference; lastKnownFileType = sourcecode.c.h; path = AppDelegate.h; sourceTree = "<group>"; };
		318BA51A1C85507E000CED2B /* AppDelegate.m */ = {isa = PBXFileReference; lastKnownFileType = sourcecode.c.objc; path = AppDelegate.m; sourceTree = "<group>"; };
		318BA51C1C85507E000CED2B /* ViewController.h */ = {isa = PBXFileReference; lastKnownFileType = sourcecode.c.h; path = ViewController.h; sourceTree = "<group>"; };
		318BA51D1C85507E000CED2B /* ViewController.m */ = {isa = PBXFileReference; lastKnownFileType = sourcecode.c.objc; path = ViewController.m; sourceTree = "<group>"; };
		318BA5201C85507E000CED2B /* Base */ = {isa = PBXFileReference; lastKnownFileType = file.storyboard; name = Base; path = Base.lproj/Main.storyboard; sourceTree = "<group>"; };
		318BA5221C85507E000CED2B /* Recorder-Assets.xcassets */ = {isa = PBXFileReference; lastKnownFileType = folder.assetcatalog; path = "Recorder-Assets.xcassets"; sourceTree = "<group>"; };
		318BA5271C85507E000CED2B /* Info.plist */ = {isa = PBXFileReference; lastKnownFileType = text.plist.xml; path = Info.plist; sourceTree = "<group>"; };
		318BA5551C8554B3000CED2B /* libcurl.a */ = {isa = PBXFileReference; lastKnownFileType = archive.ar; name = libcurl.a; path = deps/libcurl.a; sourceTree = "<group>"; };
		318BA5561C8554B3000CED2B /* libIKit.a */ = {isa = PBXFileReference; lastKnownFileType = archive.ar; name = libIKit.a; path = deps/libIKit.a; sourceTree = "<group>"; };
		318BA5571C8554B3000CED2B /* libIObj.a */ = {isa = PBXFileReference; lastKnownFileType = archive.ar; name = libIObj.a; path = deps/libIObj.a; sourceTree = "<group>"; };
		318BA5631C8554F6000CED2B /* main.xml */ = {isa = PBXFileReference; fileEncoding = 4; lastKnownFileType = text.xml; path = main.xml; sourceTree = "<group>"; };
		318BA56B1C8555B3000CED2B /* main.xml */ = {isa = PBXFileReference; fileEncoding = 4; lastKnownFileType = text.xml; path = main.xml; sourceTree = "<group>"; };
		319207A21C854AA60017C818 /* libirtc.a */ = {isa = PBXFileReference; explicitFileType = archive.ar; includeInIndex = 0; path = libirtc.a; sourceTree = BUILT_PRODUCTS_DIR; };
		319207A51C854AA60017C818 /* irtc.h */ = {isa = PBXFileReference; lastKnownFileType = sourcecode.c.h; path = irtc.h; sourceTree = "<group>"; };
		319207A71C854AA60017C818 /* irtc.m */ = {isa = PBXFileReference; lastKnownFileType = sourcecode.c.objc; path = irtc.m; sourceTree = "<group>"; };
		31E5BDE11C8EE6F5007E0503 /* AAPLEAGLLayer.h */ = {isa = PBXFileReference; fileEncoding = 4; lastKnownFileType = sourcecode.c.h; path = AAPLEAGLLayer.h; sourceTree = "<group>"; };
		31E5BDE21C8EE6F5007E0503 /* AAPLEAGLLayer.m */ = {isa = PBXFileReference; fileEncoding = 4; lastKnownFileType = sourcecode.c.objc; path = AAPLEAGLLayer.m; sourceTree = "<group>"; };
		31E5BDE41C8EF884007E0503 /* libz.tbd */ = {isa = PBXFileReference; lastKnownFileType = "sourcecode.text-based-dylib-definition"; name = libz.tbd; path = Platforms/MacOSX.platform/Developer/SDKs/MacOSX10.11.sdk/usr/lib/libz.tbd; sourceTree = DEVELOPER_DIR; };
		31E5BDE61C8FC6DE007E0503 /* VideoClip.h */ = {isa = PBXFileReference; fileEncoding = 4; lastKnownFileType = sourcecode.c.h; path = VideoClip.h; sourceTree = "<group>"; };
		31E5BDE71C8FC6DE007E0503 /* VideoClip.m */ = {isa = PBXFileReference; fileEncoding = 4; lastKnownFileType = sourcecode.c.objc; path = VideoClip.m; sourceTree = "<group>"; };
		31E5BDEB1C8FD184007E0503 /* AudioEncoder.h */ = {isa = PBXFileReference; fileEncoding = 4; lastKnownFileType = sourcecode.c.h; path = AudioEncoder.h; sourceTree = "<group>"; };
		31E5BDEC1C8FD184007E0503 /* AudioEncoder.m */ = {isa = PBXFileReference; fileEncoding = 4; lastKnownFileType = sourcecode.c.objc; path = AudioEncoder.m; sourceTree = "<group>"; };
		31E5BDEF1C8FDD03007E0503 /* LiveRecorder.h */ = {isa = PBXFileReference; fileEncoding = 4; lastKnownFileType = sourcecode.c.h; path = LiveRecorder.h; sourceTree = "<group>"; };
		31E5BDF01C8FDD03007E0503 /* LiveRecorder.m */ = {isa = PBXFileReference; fileEncoding = 4; lastKnownFileType = sourcecode.c.objc; path = LiveRecorder.m; sourceTree = "<group>"; };
/* End PBXFileReference section */

/* Begin PBXFrameworksBuildPhase section */
		318776771C85AABF00FC417F /* Frameworks */ = {
			isa = PBXFrameworksBuildPhase;
			buildActionMask = 2147483647;
			files = (
				081420791C8F3DDC00A2B03E /* libz.dylib in Frameworks */,
				31E5BDE51C8EF884007E0503 /* libz.tbd in Frameworks */,
				081420691C8DD70700A2B03E /* libcurl.a in Frameworks */,
				318777441C8DA30800FC417F /* VideoToolbox.framework in Frameworks */,
				081420581C8B1F0400A2B03E /* VideoToolbox.framework in Frameworks */,
			);
			runOnlyForDeploymentPostprocessing = 0;
		};
		318BA4F61C85504B000CED2B /* Frameworks */ = {
			isa = PBXFrameworksBuildPhase;
			buildActionMask = 2147483647;
			files = (
				31E5BDDC1C8EDF3F007E0503 /* libz.tbd in Frameworks */,
				31E5BDDB1C8EDF36007E0503 /* libxml2.tbd in Frameworks */,
				3187774D1C8ED3B100FC417F /* VideoToolbox.framework in Frameworks */,
				318776A11C86B87F00FC417F /* CoreAudio.framework in Frameworks */,
				318776A21C86B87F00FC417F /* CoreVideo.framework in Frameworks */,
				3187764E1C855ED700FC417F /* libirtc.a in Frameworks */,
				318BA5581C8554B3000CED2B /* libcurl.a in Frameworks */,
				318BA5591C8554B3000CED2B /* libIKit.a in Frameworks */,
				318BA55A1C8554B3000CED2B /* libIObj.a in Frameworks */,
			);
			runOnlyForDeploymentPostprocessing = 0;
		};
		318BA5111C85507E000CED2B /* Frameworks */ = {
			isa = PBXFrameworksBuildPhase;
			buildActionMask = 2147483647;
			files = (
				318777561C8EDBA400FC417F /* libirtc.a in Frameworks */,
				318777531C8ED95600FC417F /* libxml2.tbd in Frameworks */,
				318777511C8ED95000FC417F /* libz.tbd in Frameworks */,
				081420771C8DDA7000A2B03E /* VideoToolbox.framework in Frameworks */,
				081420751C8DDA6500A2B03E /* CoreAudio.framework in Frameworks */,
				081420741C8DDA5E00A2B03E /* CoreVideo.framework in Frameworks */,
				318BA56F1C85564B000CED2B /* libcurl.a in Frameworks */,
				318BA5701C85564B000CED2B /* libIKit.a in Frameworks */,
				318BA5711C85564B000CED2B /* libIObj.a in Frameworks */,
			);
			runOnlyForDeploymentPostprocessing = 0;
		};
		3192079F1C854AA60017C818 /* Frameworks */ = {
			isa = PBXFrameworksBuildPhase;
			buildActionMask = 2147483647;
			files = (
			);
			runOnlyForDeploymentPostprocessing = 0;
		};
/* End PBXFrameworksBuildPhase section */

/* Begin PBXGroup section */
		081420591C8B1F3F00A2B03E /* libs */ = {
			isa = PBXGroup;
			children = (
				31E5BDE41C8EF884007E0503 /* libz.tbd */,
				081420781C8F3DDC00A2B03E /* libz.dylib */,
				318777431C8DA30800FC417F /* VideoToolbox.framework */,
				081420761C8DDA7000A2B03E /* VideoToolbox.framework */,
				081420571C8B1F0400A2B03E /* VideoToolbox.framework */,
				3187769F1C86B87F00FC417F /* CoreAudio.framework */,
				318776A01C86B87F00FC417F /* CoreVideo.framework */,
				318BA5561C8554B3000CED2B /* libIKit.a */,
				318BA5551C8554B3000CED2B /* libcurl.a */,
				318BA5571C8554B3000CED2B /* libIObj.a */,
				318777521C8ED95600FC417F /* libxml2.tbd */,
				318777501C8ED95000FC417F /* libz.tbd */,
			);
			name = libs;
			sourceTree = "<group>";
		};
		3187767B1C85AABF00FC417F /* Test */ = {
			isa = PBXGroup;
			children = (
				3187767C1C85AABF00FC417F /* AppDelegate.h */,
				3187767D1C85AABF00FC417F /* AppDelegate.m */,
				0814205B1C8B2F9500A2B03E /* TestController.h */,
				0814205C1C8B2F9500A2B03E /* TestController.m */,
				0814205D1C8B2F9500A2B03E /* TestController.xib */,
				3187768D1C85AAF600FC417F /* PlayerController.h */,
				3187768E1C85AAF600FC417F /* PlayerController.m */,
				3187768F1C85AAF600FC417F /* PlayerController.xib */,
				318776901C85AAF600FC417F /* RecorderController.h */,
				318776911C85AAF600FC417F /* RecorderController.m */,
				318776921C85AAF600FC417F /* RecorderController.xib */,
				3187768B1C85AAF600FC417F /* Http.h */,
				3187768C1C85AAF600FC417F /* Http.m */,
				3187767F1C85AABF00FC417F /* Supporting Files */,
			);
			path = Test;
			sourceTree = "<group>";
		};
		3187767F1C85AABF00FC417F /* Supporting Files */ = {
			isa = PBXGroup;
			children = (
				318776821C85AABF00FC417F /* Assets.xcassets */,
				318776841C85AABF00FC417F /* MainMenu.xib */,
				318776871C85AABF00FC417F /* Info.plist */,
				318776801C85AABF00FC417F /* main.m */,
			);
			name = "Supporting Files";
			sourceTree = "<group>";
		};
		3187770F1C89B21700FC417F /* h264 */ = {
			isa = PBXGroup;
			children = (
				318777101C89B21700FC417F /* VideoEncoder.h */,
				318777111C89B21700FC417F /* VideoEncoder.mm */,
				318777161C89B21700FC417F /* VideoFile.h */,
				318777171C89B21700FC417F /* VideoFile.m */,
				318777121C89B21700FC417F /* MP4Atom.h */,
				318777131C89B21700FC417F /* MP4Atom.m */,
				318777151C89B21700FC417F /* NALUnit.h */,
				318777141C89B21700FC417F /* NALUnit.cpp */,
				318777471C8DA78800FC417F /* VideoDecoder.h */,
				318777481C8DA78800FC417F /* VideoDecoder.m */,
			);
			path = h264;
			sourceTree = "<group>";
		};
		318BA4FA1C85504B000CED2B /* Player */ = {
			isa = PBXGroup;
			children = (
				318BA4FE1C85504B000CED2B /* AppDelegate.h */,
				318BA4FF1C85504B000CED2B /* AppDelegate.m */,
				318BA5011C85504B000CED2B /* ViewController.h */,
				318BA5021C85504B000CED2B /* ViewController.m */,
				318BA5631C8554F6000CED2B /* main.xml */,
				318BA4FB1C85504B000CED2B /* Supporting Files */,
			);
			path = Player;
			sourceTree = "<group>";
		};
		318BA4FB1C85504B000CED2B /* Supporting Files */ = {
			isa = PBXGroup;
			children = (
				318BA5071C85504B000CED2B /* Player-Assets.xcassets */,
				0814206C1C8DD8B100A2B03E /* LaunchScreen.xib */,
				318BA50C1C85504B000CED2B /* Info.plist */,
				318BA5041C85504B000CED2B /* Main.storyboard */,
				318BA4FC1C85504B000CED2B /* main.m */,
			);
			name = "Supporting Files";
			sourceTree = "<group>";
		};
		318BA5151C85507E000CED2B /* Recorder */ = {
			isa = PBXGroup;
			children = (
				318BA5191C85507E000CED2B /* AppDelegate.h */,
				318BA51A1C85507E000CED2B /* AppDelegate.m */,
				318BA51C1C85507E000CED2B /* ViewController.h */,
				318BA51D1C85507E000CED2B /* ViewController.m */,
				318BA56B1C8555B3000CED2B /* main.xml */,
				318BA5161C85507E000CED2B /* Supporting Files */,
			);
			path = Recorder;
			sourceTree = "<group>";
		};
		318BA5161C85507E000CED2B /* Supporting Files */ = {
			isa = PBXGroup;
			children = (
				318BA5221C85507E000CED2B /* Recorder-Assets.xcassets */,
				081420711C8DD9AF00A2B03E /* LaunchScreen.xib */,
				318BA51F1C85507E000CED2B /* Main.storyboard */,
				318BA5271C85507E000CED2B /* Info.plist */,
				318BA5171C85507E000CED2B /* main.mm */,
			);
			name = "Supporting Files";
			sourceTree = "<group>";
		};
		319207991C854AA60017C818 = {
			isa = PBXGroup;
			children = (
				319207A41C854AA60017C818 /* irtc */,
				318BA4FA1C85504B000CED2B /* Player */,
				318BA5151C85507E000CED2B /* Recorder */,
				3187767B1C85AABF00FC417F /* Test */,
				319207A31C854AA60017C818 /* Products */,
				081420591C8B1F3F00A2B03E /* libs */,
			);
			sourceTree = "<group>";
		};
		319207A31C854AA60017C818 /* Products */ = {
			isa = PBXGroup;
			children = (
				319207A21C854AA60017C818 /* libirtc.a */,
				318BA4F91C85504B000CED2B /* Player.app */,
				318BA5141C85507E000CED2B /* Recorder.app */,
				3187767A1C85AABF00FC417F /* Test.app */,
			);
			name = Products;
			sourceTree = "<group>";
		};
		319207A41C854AA60017C818 /* irtc */ = {
			isa = PBXGroup;
			children = (
				319207A51C854AA60017C818 /* irtc.h */,
				319207A71C854AA60017C818 /* irtc.m */,
				3187771C1C89B2BB00FC417F /* VideoRecorder.h */,
				3187771D1C89B2BB00FC417F /* VideoRecorder.m */,
				081420601C8C37CF00A2B03E /* VideoPlayer.h */,
				081420611C8C37CF00A2B03E /* VideoPlayer.m */,
				3187773B1C8D60B900FC417F /* PlayerState.h */,
				3187773C1C8D60B900FC417F /* PlayerState.m */,
				081420651C8DD07A00A2B03E /* LiveStream.h */,
				081420661C8DD07A00A2B03E /* LiveStream.m */,
				31E5BDE61C8FC6DE007E0503 /* VideoClip.h */,
				31E5BDE71C8FC6DE007E0503 /* VideoClip.m */,
				31E5BDEF1C8FDD03007E0503 /* LiveRecorder.h */,
				31E5BDF01C8FDD03007E0503 /* LiveRecorder.m */,
				31E5BDEA1C8FD184007E0503 /* aac */,
				3187770F1C89B21700FC417F /* h264 */,
				31E5BDE01C8EE6F5007E0503 /* etc */,
			);
			path = irtc;
			sourceTree = "<group>";
		};
		31E5BDE01C8EE6F5007E0503 /* etc */ = {
			isa = PBXGroup;
			children = (
				31E5BDE11C8EE6F5007E0503 /* AAPLEAGLLayer.h */,
				31E5BDE21C8EE6F5007E0503 /* AAPLEAGLLayer.m */,
			);
			path = etc;
			sourceTree = "<group>";
		};
		31E5BDEA1C8FD184007E0503 /* aac */ = {
			isa = PBXGroup;
			children = (
				31E5BDEB1C8FD184007E0503 /* AudioEncoder.h */,
				31E5BDEC1C8FD184007E0503 /* AudioEncoder.m */,
				0814207A1C908D0C00A2B03E /* AudioFile.h */,
				0814207B1C908D0C00A2B03E /* AudioFile.m */,
				0814207D1C908FAA00A2B03E /* UseAC-AF.cpp */,
				0814207E1C908FAA00A2B03E /* UseExtAF.cpp */,
			);
			path = aac;
			sourceTree = "<group>";
		};
/* End PBXGroup section */

/* Begin PBXNativeTarget section */
		318776791C85AABF00FC417F /* Test */ = {
			isa = PBXNativeTarget;
			buildConfigurationList = 318776881C85AABF00FC417F /* Build configuration list for PBXNativeTarget "Test" */;
			buildPhases = (
				318776761C85AABF00FC417F /* Sources */,
				318776771C85AABF00FC417F /* Frameworks */,
				318776781C85AABF00FC417F /* Resources */,
			);
			buildRules = (
			);
			dependencies = (
			);
			name = Test;
			productName = Test;
			productReference = 3187767A1C85AABF00FC417F /* Test.app */;
			productType = "com.apple.product-type.application";
		};
		318BA4F81C85504B000CED2B /* Player */ = {
			isa = PBXNativeTarget;
			buildConfigurationList = 318BA50F1C85504B000CED2B /* Build configuration list for PBXNativeTarget "Player" */;
			buildPhases = (
				318BA4F51C85504B000CED2B /* Sources */,
				318BA4F61C85504B000CED2B /* Frameworks */,
				318BA4F71C85504B000CED2B /* Resources */,
			);
			buildRules = (
			);
			dependencies = (
			);
			name = Player;
			productName = Player;
			productReference = 318BA4F91C85504B000CED2B /* Player.app */;
			productType = "com.apple.product-type.application";
		};
		318BA5131C85507E000CED2B /* Recorder */ = {
			isa = PBXNativeTarget;
			buildConfigurationList = 318BA5281C85507E000CED2B /* Build configuration list for PBXNativeTarget "Recorder" */;
			buildPhases = (
				318BA5101C85507E000CED2B /* Sources */,
				318BA5111C85507E000CED2B /* Frameworks */,
				318BA5121C85507E000CED2B /* Resources */,
			);
			buildRules = (
			);
			dependencies = (
				318776461C8559B700FC417F /* PBXTargetDependency */,
			);
			name = Recorder;
			productName = Recorder;
			productReference = 318BA5141C85507E000CED2B /* Recorder.app */;
			productType = "com.apple.product-type.application";
		};
		319207A11C854AA60017C818 /* irtc */ = {
			isa = PBXNativeTarget;
			buildConfigurationList = 319207AB1C854AA60017C818 /* Build configuration list for PBXNativeTarget "irtc" */;
			buildPhases = (
				3192079E1C854AA60017C818 /* Sources */,
				3192079F1C854AA60017C818 /* Frameworks */,
				319207A01C854AA60017C818 /* CopyFiles */,
			);
			buildRules = (
			);
			dependencies = (
			);
			name = irtc;
			productName = irtc;
			productReference = 319207A21C854AA60017C818 /* libirtc.a */;
			productType = "com.apple.product-type.library.static";
		};
/* End PBXNativeTarget section */

/* Begin PBXProject section */
		3192079A1C854AA60017C818 /* Project object */ = {
			isa = PBXProject;
			attributes = {
				LastUpgradeCheck = 0720;
				ORGANIZATIONNAME = ideawu;
				TargetAttributes = {
					318776791C85AABF00FC417F = {
						CreatedOnToolsVersion = 7.2.1;
					};
					318BA4F81C85504B000CED2B = {
						CreatedOnToolsVersion = 7.2.1;
						DevelopmentTeam = 984G66F55J;
					};
					318BA5131C85507E000CED2B = {
						CreatedOnToolsVersion = 7.2.1;
						DevelopmentTeam = 984G66F55J;
					};
					319207A11C854AA60017C818 = {
						CreatedOnToolsVersion = 7.2.1;
					};
				};
			};
			buildConfigurationList = 3192079D1C854AA60017C818 /* Build configuration list for PBXProject "irtc" */;
			compatibilityVersion = "Xcode 3.2";
			developmentRegion = English;
			hasScannedForEncodings = 0;
			knownRegions = (
				en,
				Base,
			);
			mainGroup = 319207991C854AA60017C818;
			productRefGroup = 319207A31C854AA60017C818 /* Products */;
			projectDirPath = "";
			projectRoot = "";
			targets = (
				319207A11C854AA60017C818 /* irtc */,
				318BA4F81C85504B000CED2B /* Player */,
				318BA5131C85507E000CED2B /* Recorder */,
				318776791C85AABF00FC417F /* Test */,
			);
		};
/* End PBXProject section */

/* Begin PBXResourcesBuildPhase section */
		318776781C85AABF00FC417F /* Resources */ = {
			isa = PBXResourcesBuildPhase;
			buildActionMask = 2147483647;
			files = (
				318776831C85AABF00FC417F /* Assets.xcassets in Resources */,
				0814205F1C8B2F9500A2B03E /* TestController.xib in Resources */,
				318776971C85AAF600FC417F /* RecorderController.xib in Resources */,
				318776861C85AABF00FC417F /* MainMenu.xib in Resources */,
				318776951C85AAF600FC417F /* PlayerController.xib in Resources */,
			);
			runOnlyForDeploymentPostprocessing = 0;
		};
		318BA4F71C85504B000CED2B /* Resources */ = {
			isa = PBXResourcesBuildPhase;
			buildActionMask = 2147483647;
			files = (
				318BA5661C8554F6000CED2B /* main.xml in Resources */,
				318BA5081C85504B000CED2B /* Player-Assets.xcassets in Resources */,
				318BA5061C85504B000CED2B /* Main.storyboard in Resources */,
			);
			runOnlyForDeploymentPostprocessing = 0;
		};
		318BA5121C85507E000CED2B /* Resources */ = {
			isa = PBXResourcesBuildPhase;
			buildActionMask = 2147483647;
			files = (
				081420731C8DD9AF00A2B03E /* LaunchScreen.xib in Resources */,
				318BA56E1C8555B3000CED2B /* main.xml in Resources */,
				318BA5231C85507E000CED2B /* Recorder-Assets.xcassets in Resources */,
				318BA5211C85507E000CED2B /* Main.storyboard in Resources */,
			);
			runOnlyForDeploymentPostprocessing = 0;
		};
/* End PBXResourcesBuildPhase section */

/* Begin PBXSourcesBuildPhase section */
		318776761C85AABF00FC417F /* Sources */ = {
			isa = PBXSourcesBuildPhase;
			buildActionMask = 2147483647;
			files = (
				31E5BDEE1C8FD1E1007E0503 /* AudioEncoder.m in Sources */,
				31E5BDE91C8FC6F7007E0503 /* VideoClip.m in Sources */,
				3187774C1C8DA8EC00FC417F /* VideoDecoder.m in Sources */,
				3187773E1C8D60EB00FC417F /* PlayerState.m in Sources */,
				081420681C8DD1C700A2B03E /* LiveStream.m in Sources */,
				081420631C8C652600A2B03E /* VideoPlayer.m in Sources */,
				318777211C89BA9900FC417F /* VideoEncoder.mm in Sources */,
				318777221C89BA9900FC417F /* MP4Atom.m in Sources */,
				318777231C89BA9900FC417F /* NALUnit.cpp in Sources */,
				318777241C89BA9900FC417F /* VideoFile.m in Sources */,
				318777201C89B90000FC417F /* VideoRecorder.m in Sources */,
				0814205E1C8B2F9500A2B03E /* TestController.m in Sources */,
				318776811C85AABF00FC417F /* main.m in Sources */,
				3187767E1C85AABF00FC417F /* AppDelegate.m in Sources */,
				318776961C85AAF600FC417F /* RecorderController.m in Sources */,
				31E5BDF21C8FDF32007E0503 /* LiveRecorder.m in Sources */,
				081420641C8DCE9700A2B03E /* PlayerController.m in Sources */,
				318776931C85AAF600FC417F /* Http.m in Sources */,
			);
			runOnlyForDeploymentPostprocessing = 0;
		};
		318BA4F51C85504B000CED2B /* Sources */ = {
			isa = PBXSourcesBuildPhase;
			buildActionMask = 2147483647;
			files = (
				318BA5031C85504B000CED2B /* ViewController.m in Sources */,
				318BA5001C85504B000CED2B /* AppDelegate.m in Sources */,
				318BA4FD1C85504B000CED2B /* main.m in Sources */,
			);
			runOnlyForDeploymentPostprocessing = 0;
		};
		318BA5101C85507E000CED2B /* Sources */ = {
			isa = PBXSourcesBuildPhase;
			buildActionMask = 2147483647;
			files = (
				318BA51E1C85507E000CED2B /* ViewController.m in Sources */,
				318BA51B1C85507E000CED2B /* AppDelegate.m in Sources */,
				318BA5181C85507E000CED2B /* main.mm in Sources */,
			);
			runOnlyForDeploymentPostprocessing = 0;
		};
		3192079E1C854AA60017C818 /* Sources */ = {
			isa = PBXSourcesBuildPhase;
			buildActionMask = 2147483647;
			files = (
				3187774A1C8DA78800FC417F /* VideoDecoder.m in Sources */,
				081420801C908FAA00A2B03E /* UseExtAF.cpp in Sources */,
				318777181C89B21700FC417F /* VideoEncoder.mm in Sources */,
				0814207F1C908FAA00A2B03E /* UseAC-AF.cpp in Sources */,
				3187771E1C89B2BB00FC417F /* VideoRecorder.m in Sources */,
				081420621C8C37CF00A2B03E /* VideoPlayer.m in Sources */,
				3187773D1C8D60B900FC417F /* PlayerState.m in Sources */,
				081420671C8DD07A00A2B03E /* LiveStream.m in Sources */,
				31E5BDDF1C8EE328007E0503 /* NALUnit.cpp in Sources */,
				319207A81C854AA60017C818 /* irtc.m in Sources */,
				31E5BDE31C8EE6F5007E0503 /* AAPLEAGLLayer.m in Sources */,
				0814207C1C908D0C00A2B03E /* AudioFile.m in Sources */,
				31E5BDF11C8FDD03007E0503 /* LiveRecorder.m in Sources */,
				318777191C89B21700FC417F /* MP4Atom.m in Sources */,
				3187771B1C89B21700FC417F /* VideoFile.m in Sources */,
				31E5BDE81C8FC6DE007E0503 /* VideoClip.m in Sources */,
				31E5BDED1C8FD184007E0503 /* AudioEncoder.m in Sources */,
			);
			runOnlyForDeploymentPostprocessing = 0;
		};
/* End PBXSourcesBuildPhase section */

/* Begin PBXTargetDependency section */
		318776461C8559B700FC417F /* PBXTargetDependency */ = {
			isa = PBXTargetDependency;
			target = 319207A11C854AA60017C818 /* irtc */;
			targetProxy = 318776451C8559B700FC417F /* PBXContainerItemProxy */;
		};
/* End PBXTargetDependency section */

/* Begin PBXVariantGroup section */
		0814206C1C8DD8B100A2B03E /* LaunchScreen.xib */ = {
			isa = PBXVariantGroup;
			children = (
				0814206D1C8DD8B100A2B03E /* Base */,
			);
			name = LaunchScreen.xib;
			path = ..;
			sourceTree = "<group>";
		};
		081420711C8DD9AF00A2B03E /* LaunchScreen.xib */ = {
			isa = PBXVariantGroup;
			children = (
				081420721C8DD9AF00A2B03E /* Base */,
			);
			name = LaunchScreen.xib;
			sourceTree = "<group>";
		};
		318776841C85AABF00FC417F /* MainMenu.xib */ = {
			isa = PBXVariantGroup;
			children = (
				318776851C85AABF00FC417F /* Base */,
			);
			name = MainMenu.xib;
			sourceTree = "<group>";
		};
		318BA5041C85504B000CED2B /* Main.storyboard */ = {
			isa = PBXVariantGroup;
			children = (
				318BA5051C85504B000CED2B /* Base */,
			);
			name = Main.storyboard;
			sourceTree = "<group>";
		};
		318BA51F1C85507E000CED2B /* Main.storyboard */ = {
			isa = PBXVariantGroup;
			children = (
				318BA5201C85507E000CED2B /* Base */,
			);
			name = Main.storyboard;
			sourceTree = "<group>";
		};
/* End PBXVariantGroup section */

/* Begin XCBuildConfiguration section */
		318776891C85AABF00FC417F /* Debug */ = {
			isa = XCBuildConfiguration;
			buildSettings = {
				ASSETCATALOG_COMPILER_APPICON_NAME = AppIcon;
				CODE_SIGN_IDENTITY = "-";
				COMBINE_HIDPI_IMAGES = YES;
				INFOPLIST_FILE = Test/Info.plist;
				LD_RUNPATH_SEARCH_PATHS = "$(inherited) @executable_path/../Frameworks";
				LIBRARY_SEARCH_PATHS = (
					"$(inherited)",
					"$(PROJECT_DIR)/deps",
				);
				MACOSX_DEPLOYMENT_TARGET = 10.9;
				PRODUCT_BUNDLE_IDENTIFIER = com.ideawu.test.Test;
				PRODUCT_NAME = "$(TARGET_NAME)";
				SDKROOT = macosx;
				USER_HEADER_SEARCH_PATHS = ./deps/include;
			};
			name = Debug;
		};
		3187768A1C85AABF00FC417F /* Release */ = {
			isa = XCBuildConfiguration;
			buildSettings = {
				ASSETCATALOG_COMPILER_APPICON_NAME = AppIcon;
				CODE_SIGN_IDENTITY = "-";
				COMBINE_HIDPI_IMAGES = YES;
				INFOPLIST_FILE = Test/Info.plist;
				LD_RUNPATH_SEARCH_PATHS = "$(inherited) @executable_path/../Frameworks";
				LIBRARY_SEARCH_PATHS = (
					"$(inherited)",
					"$(PROJECT_DIR)/deps",
				);
				MACOSX_DEPLOYMENT_TARGET = 10.9;
				PRODUCT_BUNDLE_IDENTIFIER = com.ideawu.test.Test;
				PRODUCT_NAME = "$(TARGET_NAME)";
				SDKROOT = macosx;
				USER_HEADER_SEARCH_PATHS = ./deps/include;
			};
			name = Release;
		};
		318BA50D1C85504B000CED2B /* Debug */ = {
			isa = XCBuildConfiguration;
			buildSettings = {
				ASSETCATALOG_COMPILER_APPICON_NAME = AppIcon;
				ASSETCATALOG_COMPILER_LAUNCHIMAGE_NAME = "Brand Assets";
				CODE_SIGN_IDENTITY = "iPhone Developer";
				ENABLE_BITCODE = NO;
				INFOPLIST_FILE = Player/Info.plist;
				LD_RUNPATH_SEARCH_PATHS = "$(inherited) @executable_path/Frameworks";
				LIBRARY_SEARCH_PATHS = (
					"$(inherited)",
					"$(PROJECT_DIR)/deps",
				);
				PRODUCT_BUNDLE_IDENTIFIER = com.ideawu.test.Player;
				PRODUCT_NAME = "$(TARGET_NAME)";
				TARGETED_DEVICE_FAMILY = 1;
				USER_HEADER_SEARCH_PATHS = ./deps/include;
			};
			name = Debug;
		};
		318BA50E1C85504B000CED2B /* Release */ = {
			isa = XCBuildConfiguration;
			buildSettings = {
				ASSETCATALOG_COMPILER_APPICON_NAME = AppIcon;
				ASSETCATALOG_COMPILER_LAUNCHIMAGE_NAME = "Brand Assets";
				CODE_SIGN_IDENTITY = "iPhone Developer";
				ENABLE_BITCODE = NO;
				INFOPLIST_FILE = Player/Info.plist;
				LD_RUNPATH_SEARCH_PATHS = "$(inherited) @executable_path/Frameworks";
				LIBRARY_SEARCH_PATHS = (
					"$(inherited)",
					"$(PROJECT_DIR)/deps",
				);
				PRODUCT_BUNDLE_IDENTIFIER = com.ideawu.test.Player;
				PRODUCT_NAME = "$(TARGET_NAME)";
				TARGETED_DEVICE_FAMILY = 1;
				USER_HEADER_SEARCH_PATHS = ./deps/include;
			};
			name = Release;
		};
		318BA5291C85507E000CED2B /* Debug */ = {
			isa = XCBuildConfiguration;
			buildSettings = {
				ASSETCATALOG_COMPILER_APPICON_NAME = AppIcon;
				ASSETCATALOG_COMPILER_LAUNCHIMAGE_NAME = "Brand Assets";
				CODE_SIGN_IDENTITY = "iPhone Developer";
				INFOPLIST_FILE = Recorder/Info.plist;
				LD_RUNPATH_SEARCH_PATHS = "$(inherited) @executable_path/Frameworks";
				LIBRARY_SEARCH_PATHS = (
					"$(inherited)",
					"$(PROJECT_DIR)/deps",
				);
				PRODUCT_BUNDLE_IDENTIFIER = com.ideawu.test.Recorder;
				PRODUCT_NAME = "$(TARGET_NAME)";
				SYMROOT = build;
				TARGETED_DEVICE_FAMILY = 1;
				USER_HEADER_SEARCH_PATHS = ./deps/include;
			};
			name = Debug;
		};
		318BA52A1C85507E000CED2B /* Release */ = {
			isa = XCBuildConfiguration;
			buildSettings = {
				ASSETCATALOG_COMPILER_APPICON_NAME = AppIcon;
				ASSETCATALOG_COMPILER_LAUNCHIMAGE_NAME = "Brand Assets";
				CODE_SIGN_IDENTITY = "iPhone Developer";
				INFOPLIST_FILE = Recorder/Info.plist;
				LD_RUNPATH_SEARCH_PATHS = "$(inherited) @executable_path/Frameworks";
				LIBRARY_SEARCH_PATHS = (
					"$(inherited)",
					"$(PROJECT_DIR)/deps",
				);
				PRODUCT_BUNDLE_IDENTIFIER = com.ideawu.test.Recorder;
				PRODUCT_NAME = "$(TARGET_NAME)";
				SYMROOT = build;
				TARGETED_DEVICE_FAMILY = 1;
				USER_HEADER_SEARCH_PATHS = ./deps/include;
			};
			name = Release;
		};
		319207A91C854AA60017C818 /* Debug */ = {
			isa = XCBuildConfiguration;
			buildSettings = {
				ALWAYS_SEARCH_USER_PATHS = NO;
				CLANG_CXX_LANGUAGE_STANDARD = "gnu++0x";
				CLANG_CXX_LIBRARY = "libc++";
				CLANG_ENABLE_MODULES = YES;
				CLANG_ENABLE_OBJC_ARC = YES;
				CLANG_WARN_BOOL_CONVERSION = YES;
				CLANG_WARN_CONSTANT_CONVERSION = YES;
				CLANG_WARN_DIRECT_OBJC_ISA_USAGE = YES_ERROR;
				CLANG_WARN_EMPTY_BODY = YES;
				CLANG_WARN_ENUM_CONVERSION = YES;
				CLANG_WARN_INT_CONVERSION = YES;
				CLANG_WARN_OBJC_ROOT_CLASS = YES_ERROR;
				CLANG_WARN_UNREACHABLE_CODE = YES;
				CLANG_WARN__DUPLICATE_METHOD_MATCH = YES;
				"CODE_SIGN_IDENTITY[sdk=iphoneos*]" = "iPhone Developer";
				COPY_PHASE_STRIP = NO;
				DEBUG_INFORMATION_FORMAT = dwarf;
				ENABLE_STRICT_OBJC_MSGSEND = YES;
				ENABLE_TESTABILITY = YES;
				GCC_C_LANGUAGE_STANDARD = gnu99;
				GCC_DYNAMIC_NO_PIC = NO;
				GCC_NO_COMMON_BLOCKS = YES;
				GCC_OPTIMIZATION_LEVEL = 0;
				GCC_PREPROCESSOR_DEFINITIONS = (
					"DEBUG=1",
					"$(inherited)",
				);
				GCC_WARN_64_TO_32_BIT_CONVERSION = YES;
				GCC_WARN_ABOUT_RETURN_TYPE = YES_ERROR;
				GCC_WARN_UNDECLARED_SELECTOR = YES;
				GCC_WARN_UNINITIALIZED_AUTOS = YES_AGGRESSIVE;
				GCC_WARN_UNUSED_FUNCTION = YES;
				GCC_WARN_UNUSED_VARIABLE = YES;
				IPHONEOS_DEPLOYMENT_TARGET = 7.0;
				MTL_ENABLE_DEBUG_INFO = YES;
				ONLY_ACTIVE_ARCH = YES;
				SDKROOT = iphoneos;
			};
			name = Debug;
		};
		319207AA1C854AA60017C818 /* Release */ = {
			isa = XCBuildConfiguration;
			buildSettings = {
				ALWAYS_SEARCH_USER_PATHS = NO;
				CLANG_CXX_LANGUAGE_STANDARD = "gnu++0x";
				CLANG_CXX_LIBRARY = "libc++";
				CLANG_ENABLE_MODULES = YES;
				CLANG_ENABLE_OBJC_ARC = YES;
				CLANG_WARN_BOOL_CONVERSION = YES;
				CLANG_WARN_CONSTANT_CONVERSION = YES;
				CLANG_WARN_DIRECT_OBJC_ISA_USAGE = YES_ERROR;
				CLANG_WARN_EMPTY_BODY = YES;
				CLANG_WARN_ENUM_CONVERSION = YES;
				CLANG_WARN_INT_CONVERSION = YES;
				CLANG_WARN_OBJC_ROOT_CLASS = YES_ERROR;
				CLANG_WARN_UNREACHABLE_CODE = YES;
				CLANG_WARN__DUPLICATE_METHOD_MATCH = YES;
				"CODE_SIGN_IDENTITY[sdk=iphoneos*]" = "iPhone Developer";
				COPY_PHASE_STRIP = NO;
				DEBUG_INFORMATION_FORMAT = "dwarf-with-dsym";
				ENABLE_NS_ASSERTIONS = NO;
				ENABLE_STRICT_OBJC_MSGSEND = YES;
				GCC_C_LANGUAGE_STANDARD = gnu99;
				GCC_NO_COMMON_BLOCKS = YES;
				GCC_WARN_64_TO_32_BIT_CONVERSION = YES;
				GCC_WARN_ABOUT_RETURN_TYPE = YES_ERROR;
				GCC_WARN_UNDECLARED_SELECTOR = YES;
				GCC_WARN_UNINITIALIZED_AUTOS = YES_AGGRESSIVE;
				GCC_WARN_UNUSED_FUNCTION = YES;
				GCC_WARN_UNUSED_VARIABLE = YES;
				IPHONEOS_DEPLOYMENT_TARGET = 7.0;
				MTL_ENABLE_DEBUG_INFO = NO;
				SDKROOT = iphoneos;
				VALIDATE_PRODUCT = YES;
			};
			name = Release;
		};
		319207AC1C854AA60017C818 /* Debug */ = {
			isa = XCBuildConfiguration;
			buildSettings = {
				OTHER_LDFLAGS = "-ObjC";
				PRODUCT_NAME = "$(TARGET_NAME)";
				SKIP_INSTALL = YES;
				SYMROOT = build;
				USER_HEADER_SEARCH_PATHS = ./deps/include;
			};
			name = Debug;
		};
		319207AD1C854AA60017C818 /* Release */ = {
			isa = XCBuildConfiguration;
			buildSettings = {
				OTHER_LDFLAGS = "-ObjC";
				PRODUCT_NAME = "$(TARGET_NAME)";
				SKIP_INSTALL = YES;
				SYMROOT = build;
				USER_HEADER_SEARCH_PATHS = ./deps/include;
			};
			name = Release;
		};
/* End XCBuildConfiguration section */

/* Begin XCConfigurationList section */
		318776881C85AABF00FC417F /* Build configuration list for PBXNativeTarget "Test" */ = {
			isa = XCConfigurationList;
			buildConfigurations = (
				318776891C85AABF00FC417F /* Debug */,
				3187768A1C85AABF00FC417F /* Release */,
			);
			defaultConfigurationIsVisible = 0;
			defaultConfigurationName = Release;
		};
		318BA50F1C85504B000CED2B /* Build configuration list for PBXNativeTarget "Player" */ = {
			isa = XCConfigurationList;
			buildConfigurations = (
				318BA50D1C85504B000CED2B /* Debug */,
				318BA50E1C85504B000CED2B /* Release */,
			);
			defaultConfigurationIsVisible = 0;
			defaultConfigurationName = Release;
		};
		318BA5281C85507E000CED2B /* Build configuration list for PBXNativeTarget "Recorder" */ = {
			isa = XCConfigurationList;
			buildConfigurations = (
				318BA5291C85507E000CED2B /* Debug */,
				318BA52A1C85507E000CED2B /* Release */,
			);
			defaultConfigurationIsVisible = 0;
			defaultConfigurationName = Release;
		};
		3192079D1C854AA60017C818 /* Build configuration list for PBXProject "irtc" */ = {
			isa = XCConfigurationList;
			buildConfigurations = (
				319207A91C854AA60017C818 /* Debug */,
				319207AA1C854AA60017C818 /* Release */,
			);
			defaultConfigurationIsVisible = 0;
			defaultConfigurationName = Release;
		};
		319207AB1C854AA60017C818 /* Build configuration list for PBXNativeTarget "irtc" */ = {
			isa = XCConfigurationList;
			buildConfigurations = (
				319207AC1C854AA60017C818 /* Debug */,
				319207AD1C854AA60017C818 /* Release */,
			);
			defaultConfigurationIsVisible = 0;
			defaultConfigurationName = Release;
		};
/* End XCConfigurationList section */
	};
	rootObject = 3192079A1C854AA60017C818 /* Project object */;
}
